
Microsoft Visual Studio Solution File, Format Version 12.00
# Visual Studio Version 16
VisualStudioVersion = 16.0.31515.178
MinimumVisualStudioVersion = 10.0.40219.1
Project("{9A19103F-16F7-4668-BE54-9A1E7A4F7556}") = "BeanSceneProject", "BeanSceneProject\BeanSceneProject.csproj", "{04C77ED6-1EE1-4383-A955-1D8AAC1254DB}"
EndProject
Project("{FAE04EC0-301F-11D3-BF4B-00C04F79EFBC}") = "MsUnitTest", "MsUnitTest\MsUnitTest.csproj", "{A1170D0A-88E5-4CF3-ADBC-9A21DA78FC65}"
EndProject
Global
	GlobalSection(SolutionConfigurationPlatforms) = preSolution
		Debug|Any CPU = Debug|Any CPU
		Release|Any CPU = Release|Any CPU
	EndGlobalSection
	GlobalSection(ProjectConfigurationPlatforms) = postSolution
		{04C77ED6-1EE1-4383-A955-1D8AAC1254DB}.Debug|Any CPU.ActiveCfg = Debug|Any CPU
		{04C77ED6-1EE1-4383-A955-1D8AAC1254DB}.Debug|Any CPU.Build.0 = Debug|Any CPU
		{04C77ED6-1EE1-4383-A955-1D8AAC1254DB}.Release|Any CPU.ActiveCfg = Release|Any CPU
		{04C77ED6-1EE1-4383-A955-1D8AAC1254DB}.Release|Any CPU.Build.0 = Release|Any CPU
		{A1170D0A-88E5-4CF3-ADBC-9A21DA78FC65}.Debug|Any CPU.ActiveCfg = Debug|Any CPU
		{A1170D0A-88E5-4CF3-ADBC-9A21DA78FC65}.Debug|Any CPU.Build.0 = Debug|Any CPU
		{A1170D0A-88E5-4CF3-ADBC-9A21DA78FC65}.Release|Any CPU.ActiveCfg = Release|Any CPU
		{A1170D0A-88E5-4CF3-ADBC-9A21DA78FC65}.Release|Any CPU.Build.0 = Release|Any CPU
	EndGlobalSection
	GlobalSection(SolutionProperties) = preSolution
		HideSolutionNode = FALSE
	EndGlobalSection
	GlobalSection(ExtensibilityGlobals) = postSolution
		SolutionGuid = {DA6F2829-30AB-4509-9351-A75D78468B02}
	EndGlobalSection
EndGlobal
